
Microsoft Visual Studio Solution File, Format Version 12.00
# Visual Studio 15
VisualStudioVersion = 15.0.27703.2042
MinimumVisualStudioVersion = 10.0.40219.1
Project("{2150E333-8FDC-42A3-9474-1A3956D46DE8}") = "Extractor", "Extractor", "{844422A6-2CB8-4909-B092-F1941AD18182}"
EndProject
Project("{FAE04EC0-301F-11D3-BF4B-00C04F79EFBC}") = "WzExtractor", "WzExtractor\WzExtractor.csproj", "{A3723936-3FC0-4A2B-B38A-11307DCFBA3F}"
EndProject
Project("{FAE04EC0-301F-11D3-BF4B-00C04F79EFBC}") = "WzComparerR2.WzLib", "WzComparerR2\WzComparerR2.WzLib\WzComparerR2.WzLib.csproj", "{0E9801FD-44A2-4AF8-AE91-D6E74BAD56B2}"
EndProject
Project("{9A19103F-16F7-4668-BE54-9A1E7A4F7556}") = "MapleStoryDB", "MapleStoryDB\MapleStoryDB.csproj", "{95F5263D-3C68-4617-B20A-8470701AF80E}"
EndProject
Project("{FAE04EC0-301F-11D3-BF4B-00C04F79EFBC}") = "MapleStoryAvatarSimulator", "MapleStoryAvatarSimulator\MapleStoryAvatarSimulator.csproj", "{B61EA1E6-ED68-43F1-A93A-1FB83CCC32FE}"
EndProject
Global
	GlobalSection(SolutionConfigurationPlatforms) = preSolution
		Debug|Any CPU = Debug|Any CPU
		Release|Any CPU = Release|Any CPU
	EndGlobalSection
	GlobalSection(ProjectConfigurationPlatforms) = postSolution
		{A3723936-3FC0-4A2B-B38A-11307DCFBA3F}.Debug|Any CPU.ActiveCfg = Debug|Any CPU
		{A3723936-3FC0-4A2B-B38A-11307DCFBA3F}.Debug|Any CPU.Build.0 = Debug|Any CPU
		{A3723936-3FC0-4A2B-B38A-11307DCFBA3F}.Release|Any CPU.ActiveCfg = Release|Any CPU
		{A3723936-3FC0-4A2B-B38A-11307DCFBA3F}.Release|Any CPU.Build.0 = Release|Any CPU
		{0E9801FD-44A2-4AF8-AE91-D6E74BAD56B2}.Debug|Any CPU.ActiveCfg = Debug|Any CPU
		{0E9801FD-44A2-4AF8-AE91-D6E74BAD56B2}.Debug|Any CPU.Build.0 = Debug|Any CPU
		{0E9801FD-44A2-4AF8-AE91-D6E74BAD56B2}.Release|Any CPU.ActiveCfg = Release|Any CPU
		{0E9801FD-44A2-4AF8-AE91-D6E74BAD56B2}.Release|Any CPU.Build.0 = Release|Any CPU
		{95F5263D-3C68-4617-B20A-8470701AF80E}.Debug|Any CPU.ActiveCfg = Debug|Any CPU
		{95F5263D-3C68-4617-B20A-8470701AF80E}.Debug|Any CPU.Build.0 = Debug|Any CPU
		{95F5263D-3C68-4617-B20A-8470701AF80E}.Release|Any CPU.ActiveCfg = Release|Any CPU
		{95F5263D-3C68-4617-B20A-8470701AF80E}.Release|Any CPU.Build.0 = Release|Any CPU
		{B61EA1E6-ED68-43F1-A93A-1FB83CCC32FE}.Debug|Any CPU.ActiveCfg = Debug|Any CPU
		{B61EA1E6-ED68-43F1-A93A-1FB83CCC32FE}.Debug|Any CPU.Build.0 = Debug|Any CPU
		{B61EA1E6-ED68-43F1-A93A-1FB83CCC32FE}.Release|Any CPU.ActiveCfg = Release|Any CPU
		{B61EA1E6-ED68-43F1-A93A-1FB83CCC32FE}.Release|Any CPU.Build.0 = Release|Any CPU
	EndGlobalSection
	GlobalSection(SolutionProperties) = preSolution
		HideSolutionNode = FALSE
	EndGlobalSection
	GlobalSection(NestedProjects) = preSolution
		{A3723936-3FC0-4A2B-B38A-11307DCFBA3F} = {844422A6-2CB8-4909-B092-F1941AD18182}
		{0E9801FD-44A2-4AF8-AE91-D6E74BAD56B2} = {844422A6-2CB8-4909-B092-F1941AD18182}
	EndGlobalSection
	GlobalSection(ExtensibilityGlobals) = postSolution
		SolutionGuid = {B345A6D8-C40C-43D7-98C5-5632502B655B}
	EndGlobalSection
EndGlobal
